// !$*UTF8*$!
{
	archiveVersion = 1;
	classes = {
	};
	objectVersion = 55;
	objects = {

/* Begin PBXBuildFile section */
		CE01404B2726C81400B71AB7 /* Inbox.swift in Sources */ = {isa = PBXBuildFile; fileRef = CE01404A2726C81400B71AB7 /* Inbox.swift */; };
		CE01404D2726DC8400B71AB7 /* Date+ToString.swift in Sources */ = {isa = PBXBuildFile; fileRef = CE01404C2726DC8400B71AB7 /* Date+ToString.swift */; };
		CE0140512726E2C300B71AB7 /* InboxItemView.swift in Sources */ = {isa = PBXBuildFile; fileRef = CE0140502726E2C300B71AB7 /* InboxItemView.swift */; };
		CE0140532726E39500B71AB7 /* IntercomButton.swift in Sources */ = {isa = PBXBuildFile; fileRef = CE0140522726E39500B71AB7 /* IntercomButton.swift */; };
		CE0140552726E50400B71AB7 /* ButtonGridView.swift in Sources */ = {isa = PBXBuildFile; fileRef = CE0140542726E50400B71AB7 /* ButtonGridView.swift */; };
		CE01405C272EA4F100B71AB7 /* WebRTC in Frameworks */ = {isa = PBXBuildFile; productRef = CE01405B272EA4F100B71AB7 /* WebRTC */; };
		CE01405E2731787500B71AB7 /* PraxisrufApi+SpeechSynth.swift in Sources */ = {isa = PBXBuildFile; fileRef = CE01405D2731787500B71AB7 /* PraxisrufApi+SpeechSynth.swift */; };
		CE01406027317ACF00B71AB7 /* SpeechSynthesisService.swift in Sources */ = {isa = PBXBuildFile; fileRef = CE01405F27317ACF00B71AB7 /* SpeechSynthesisService.swift */; };
		CE01406227317EF600B71AB7 /* AudioPlayer.swift in Sources */ = {isa = PBXBuildFile; fileRef = CE01406127317EF600B71AB7 /* AudioPlayer.swift */; };
		CE068134277F35C200E8D4BE /* ErrorHandling.swift in Sources */ = {isa = PBXBuildFile; fileRef = CE068133277F35C200E8D4BE /* ErrorHandling.swift */; };
		CE068137277F4E7F00E8D4BE /* Auth.swift in Sources */ = {isa = PBXBuildFile; fileRef = CE068136277F4E7F00E8D4BE /* Auth.swift */; };
		CE068139277F5F3600E8D4BE /* Utils.swift in Sources */ = {isa = PBXBuildFile; fileRef = CE068138277F5F3600E8D4BE /* Utils.swift */; };
		CE06813B277F81B500E8D4BE /* Signal+WebRTC.swift in Sources */ = {isa = PBXBuildFile; fileRef = CE06813A277F81B500E8D4BE /* Signal+WebRTC.swift */; };
		CE1D5C88271C4AAA007EA5AC /* praxisruf_ios_mobile_clientApp.swift in Sources */ = {isa = PBXBuildFile; fileRef = CE1D5C87271C4AAA007EA5AC /* praxisruf_ios_mobile_clientApp.swift */; };
		CE1D5C8A271C4AAA007EA5AC /* LoginView.swift in Sources */ = {isa = PBXBuildFile; fileRef = CE1D5C89271C4AAA007EA5AC /* LoginView.swift */; };
		CE1D5C8C271C4AAB007EA5AC /* Assets.xcassets in Resources */ = {isa = PBXBuildFile; fileRef = CE1D5C8B271C4AAB007EA5AC /* Assets.xcassets */; };
		CE1D5C8F271C4AAB007EA5AC /* Preview Assets.xcassets in Resources */ = {isa = PBXBuildFile; fileRef = CE1D5C8E271C4AAB007EA5AC /* Preview Assets.xcassets */; };
		CE1D5C99271C4AAB007EA5AC /* praxisruf_ios_mobile_clientTests.swift in Sources */ = {isa = PBXBuildFile; fileRef = CE1D5C98271C4AAB007EA5AC /* praxisruf_ios_mobile_clientTests.swift */; };
		CE1D5CA3271C4AAB007EA5AC /* praxisruf_ios_mobile_clientUITests.swift in Sources */ = {isa = PBXBuildFile; fileRef = CE1D5CA2271C4AAB007EA5AC /* praxisruf_ios_mobile_clientUITests.swift */; };
		CE1D5CA5271C4AAB007EA5AC /* praxisruf_ios_mobile_clientUITestsLaunchTests.swift in Sources */ = {isa = PBXBuildFile; fileRef = CE1D5CA4271C4AAB007EA5AC /* praxisruf_ios_mobile_clientUITestsLaunchTests.swift */; };
		CE1D5CB5271C4E88007EA5AC /* Localizable.strings in Resources */ = {isa = PBXBuildFile; fileRef = CE1D5CB4271C4E88007EA5AC /* Localizable.strings */; };
		CE212BAC27674AC3001131BF /* CallClient.swift in Sources */ = {isa = PBXBuildFile; fileRef = CE212BAB27674AC3001131BF /* CallClient.swift */; };
		CE212BB3276771AA001131BF /* SessionDescription.swift in Sources */ = {isa = PBXBuildFile; fileRef = CE212BB2276771AA001131BF /* SessionDescription.swift */; };
		CE212BB5276771D0001131BF /* IceCandidate.swift in Sources */ = {isa = PBXBuildFile; fileRef = CE212BB4276771D0001131BF /* IceCandidate.swift */; };
		CE212BBD276DCB6D001131BF /* CallType.swift in Sources */ = {isa = PBXBuildFile; fileRef = CE212BBC276DCB6D001131BF /* CallType.swift */; };
		CE413BC82761156F009F2B3F /* CallService.swift in Sources */ = {isa = PBXBuildFile; fileRef = CE413BC72761156F009F2B3F /* CallService.swift */; };
		CE51D02C2723DAA9000D09C1 /* IntercomItem.swift in Sources */ = {isa = PBXBuildFile; fileRef = CE51D02B2723DAA9000D09C1 /* IntercomItem.swift */; };
		CE51D02E272540ED000D09C1 /* PraxisrufApi+Registration.swift in Sources */ = {isa = PBXBuildFile; fileRef = CE51D02D272540ED000D09C1 /* PraxisrufApi+Registration.swift */; };
		CE51D0302725431B000D09C1 /* RegistrationService.swift in Sources */ = {isa = PBXBuildFile; fileRef = CE51D02F2725431B000D09C1 /* RegistrationService.swift */; };
		CE51D0332725600A000D09C1 /* UserDefaultKeys.swift in Sources */ = {isa = PBXBuildFile; fileRef = CE51D0322725600A000D09C1 /* UserDefaultKeys.swift */; };
		CE51D035272563D6000D09C1 /* PraxisrufApi+Notification.swift in Sources */ = {isa = PBXBuildFile; fileRef = CE51D034272563D6000D09C1 /* PraxisrufApi+Notification.swift */; };
		CE51D03A272564F3000D09C1 /* SendNotification.swift in Sources */ = {isa = PBXBuildFile; fileRef = CE51D039272564F3000D09C1 /* SendNotification.swift */; };
		CE51D03C27259194000D09C1 /* HomeView.swift in Sources */ = {isa = PBXBuildFile; fileRef = CE51D03B27259193000D09C1 /* HomeView.swift */; };
		CE51D04127259265000D09C1 /* SettingsView.swift in Sources */ = {isa = PBXBuildFile; fileRef = CE51D04027259265000D09C1 /* SettingsView.swift */; };
		CE51D0462726922B000D09C1 /* InboxItem.swift in Sources */ = {isa = PBXBuildFile; fileRef = CE51D0452726922B000D09C1 /* InboxItem.swift */; };
		CE53ABDF271DA1FE00BAD1F1 /* IntercomView.swift in Sources */ = {isa = PBXBuildFile; fileRef = CE53ABDE271DA1FE00BAD1F1 /* IntercomView.swift */; };
		CE53ABE1271DA32300BAD1F1 /* InboxView.swift in Sources */ = {isa = PBXBuildFile; fileRef = CE53ABE0271DA32300BAD1F1 /* InboxView.swift */; };
		CE53ABE3271DA56300BAD1F1 /* PraxisrufApi.swift in Sources */ = {isa = PBXBuildFile; fileRef = CE53ABE2271DA56300BAD1F1 /* PraxisrufApi.swift */; };
		CE53ABED271EAF3200BAD1F1 /* PraxisrufApi+Auth.swift in Sources */ = {isa = PBXBuildFile; fileRef = CE53ABEC271EAF3200BAD1F1 /* PraxisrufApi+Auth.swift */; };
		CE53ABEF271EB11900BAD1F1 /* PraxisrufApi+Conf.swift in Sources */ = {isa = PBXBuildFile; fileRef = CE53ABEE271EB11900BAD1F1 /* PraxisrufApi+Conf.swift */; };
		CE53ABF1271EB15E00BAD1F1 /* ClientSelectView.swift in Sources */ = {isa = PBXBuildFile; fileRef = CE53ABF0271EB15E00BAD1F1 /* ClientSelectView.swift */; };
		CE53ABF3271EB28C00BAD1F1 /* Client.swift in Sources */ = {isa = PBXBuildFile; fileRef = CE53ABF2271EB28C00BAD1F1 /* Client.swift */; };
		CE53ABF5271EB30100BAD1F1 /* ClientsService.swift in Sources */ = {isa = PBXBuildFile; fileRef = CE53ABF4271EB30100BAD1F1 /* ClientsService.swift */; };
		CE53ABFD271EF9D700BAD1F1 /* NotificationType.swift in Sources */ = {isa = PBXBuildFile; fileRef = CE53ABFC271EF9D700BAD1F1 /* NotificationType.swift */; };
		CE53ABFF271EFAFC00BAD1F1 /* NotificationService.swift in Sources */ = {isa = PBXBuildFile; fileRef = CE53ABFE271EFAFC00BAD1F1 /* NotificationService.swift */; };
		CE53AC12271F124300BAD1F1 /* FirebaseMessaging in Frameworks */ = {isa = PBXBuildFile; productRef = CE53AC11271F124300BAD1F1 /* FirebaseMessaging */; };
		CE53AC15271F1BD600BAD1F1 /* GoogleService-Info.plist in Resources */ = {isa = PBXBuildFile; fileRef = CE53AC14271F1BC300BAD1F1 /* GoogleService-Info.plist */; };
		CE615529276E12E4007798C6 /* CallActionButton.swift in Sources */ = {isa = PBXBuildFile; fileRef = CE615528276E12E4007798C6 /* CallActionButton.swift */; };
		CE61552B276E170E007798C6 /* ActiveCallView.swift in Sources */ = {isa = PBXBuildFile; fileRef = CE61552A276E170E007798C6 /* ActiveCallView.swift */; };
		CE61552D276E6CA8007798C6 /* PraxisrufApi+Signaling.swift in Sources */ = {isa = PBXBuildFile; fileRef = CE61552C276E6CA8007798C6 /* PraxisrufApi+Signaling.swift */; };
		CE61552F27732B81007798C6 /* PraxisrufApiError.swift in Sources */ = {isa = PBXBuildFile; fileRef = CE61552E27732B81007798C6 /* PraxisrufApiError.swift */; };
		CE81C583275F5E7600F69B74 /* ReceiveNotification.swift in Sources */ = {isa = PBXBuildFile; fileRef = CE81C582275F5E7600F69B74 /* ReceiveNotification.swift */; };
		CE81C5852761107100F69B74 /* Registration.swift in Sources */ = {isa = PBXBuildFile; fileRef = CE81C5842761107100F69B74 /* Registration.swift */; };
		CE94AC532753E08200C93410 /* Settings.swift in Sources */ = {isa = PBXBuildFile; fileRef = CE94AC522753E08200C93410 /* Settings.swift */; };
		CE94AC552753F1FE00C93410 /* NotificationSendResult.swift in Sources */ = {isa = PBXBuildFile; fileRef = CE94AC542753F1FE00C93410 /* NotificationSendResult.swift */; };
		CE94AC572756552900C93410 /* RetryAlert.swift in Sources */ = {isa = PBXBuildFile; fileRef = CE94AC562756552900C93410 /* RetryAlert.swift */; };
		CE94AC5927566B6900C93410 /* InboxReminderService.swift in Sources */ = {isa = PBXBuildFile; fileRef = CE94AC5827566B6900C93410 /* InboxReminderService.swift */; };
		CE94AC5C27567BDB00C93410 /* SwiftKeychainWrapper in Frameworks */ = {isa = PBXBuildFile; productRef = CE94AC5B27567BDB00C93410 /* SwiftKeychainWrapper */; };
		CE94AC5F275688AF00C93410 /* SplashScreen.swift in Sources */ = {isa = PBXBuildFile; fileRef = CE94AC5E275688AF00C93410 /* SplashScreen.swift */; };
		CE94AC65275BC1C100C93410 /* Configuration.swift in Sources */ = {isa = PBXBuildFile; fileRef = CE94AC64275BC1C100C93410 /* Configuration.swift */; };
		CE94AC67275BC1D800C93410 /* DisplayCallType.swift in Sources */ = {isa = PBXBuildFile; fileRef = CE94AC66275BC1D800C93410 /* DisplayCallType.swift */; };
		CE94AC69275BCCB800C93410 /* ConfigurationService.swift in Sources */ = {isa = PBXBuildFile; fileRef = CE94AC68275BCCB700C93410 /* ConfigurationService.swift */; };
		CE97F1B32723589A00B1CA0D /* AppDelegate.swift in Sources */ = {isa = PBXBuildFile; fileRef = CE97F1B22723589A00B1CA0D /* AppDelegate.swift */; };
		CEE9A2DE27620C3B006810BC /* Signal.swift in Sources */ = {isa = PBXBuildFile; fileRef = CEE9A2DD27620C3B006810BC /* Signal.swift */; };
/* End PBXBuildFile section */

/* Begin PBXContainerItemProxy section */
		CE1D5C95271C4AAB007EA5AC /* PBXContainerItemProxy */ = {
			isa = PBXContainerItemProxy;
			containerPortal = CE1D5C7C271C4AAA007EA5AC /* Project object */;
			proxyType = 1;
			remoteGlobalIDString = CE1D5C83271C4AAA007EA5AC;
			remoteInfo = "praxisruf-ios-mobile-client";
		};
		CE1D5C9F271C4AAB007EA5AC /* PBXContainerItemProxy */ = {
			isa = PBXContainerItemProxy;
			containerPortal = CE1D5C7C271C4AAA007EA5AC /* Project object */;
			proxyType = 1;
			remoteGlobalIDString = CE1D5C83271C4AAA007EA5AC;
			remoteInfo = "praxisruf-ios-mobile-client";
		};
/* End PBXContainerItemProxy section */

/* Begin PBXFileReference section */
		CE01404A2726C81400B71AB7 /* Inbox.swift */ = {isa = PBXFileReference; lastKnownFileType = sourcecode.swift; path = Inbox.swift; sourceTree = "<group>"; };
		CE01404C2726DC8400B71AB7 /* Date+ToString.swift */ = {isa = PBXFileReference; lastKnownFileType = sourcecode.swift; path = "Date+ToString.swift"; sourceTree = "<group>"; };
		CE0140502726E2C300B71AB7 /* InboxItemView.swift */ = {isa = PBXFileReference; lastKnownFileType = sourcecode.swift; path = InboxItemView.swift; sourceTree = "<group>"; };
		CE0140522726E39500B71AB7 /* IntercomButton.swift */ = {isa = PBXFileReference; lastKnownFileType = sourcecode.swift; path = IntercomButton.swift; sourceTree = "<group>"; };
		CE0140542726E50400B71AB7 /* ButtonGridView.swift */ = {isa = PBXFileReference; lastKnownFileType = sourcecode.swift; path = ButtonGridView.swift; sourceTree = "<group>"; };
		CE01405D2731787500B71AB7 /* PraxisrufApi+SpeechSynth.swift */ = {isa = PBXFileReference; lastKnownFileType = sourcecode.swift; path = "PraxisrufApi+SpeechSynth.swift"; sourceTree = "<group>"; };
		CE01405F27317ACF00B71AB7 /* SpeechSynthesisService.swift */ = {isa = PBXFileReference; lastKnownFileType = sourcecode.swift; path = SpeechSynthesisService.swift; sourceTree = "<group>"; };
		CE01406127317EF600B71AB7 /* AudioPlayer.swift */ = {isa = PBXFileReference; lastKnownFileType = sourcecode.swift; path = AudioPlayer.swift; sourceTree = "<group>"; };
		CE068133277F35C200E8D4BE /* ErrorHandling.swift */ = {isa = PBXFileReference; lastKnownFileType = sourcecode.swift; path = ErrorHandling.swift; sourceTree = "<group>"; };
		CE068136277F4E7F00E8D4BE /* Auth.swift */ = {isa = PBXFileReference; lastKnownFileType = sourcecode.swift; path = Auth.swift; sourceTree = "<group>"; };
		CE068138277F5F3600E8D4BE /* Utils.swift */ = {isa = PBXFileReference; lastKnownFileType = sourcecode.swift; path = Utils.swift; sourceTree = "<group>"; };
		CE06813A277F81B500E8D4BE /* Signal+WebRTC.swift */ = {isa = PBXFileReference; lastKnownFileType = sourcecode.swift; path = "Signal+WebRTC.swift"; sourceTree = "<group>"; };
		CE1D5C84271C4AAA007EA5AC /* praxisruf-ios-mobile-client.app */ = {isa = PBXFileReference; explicitFileType = wrapper.application; includeInIndex = 0; path = "praxisruf-ios-mobile-client.app"; sourceTree = BUILT_PRODUCTS_DIR; };
		CE1D5C87271C4AAA007EA5AC /* praxisruf_ios_mobile_clientApp.swift */ = {isa = PBXFileReference; lastKnownFileType = sourcecode.swift; path = praxisruf_ios_mobile_clientApp.swift; sourceTree = "<group>"; };
		CE1D5C89271C4AAA007EA5AC /* LoginView.swift */ = {isa = PBXFileReference; lastKnownFileType = sourcecode.swift; path = LoginView.swift; sourceTree = "<group>"; };
		CE1D5C8B271C4AAB007EA5AC /* Assets.xcassets */ = {isa = PBXFileReference; lastKnownFileType = folder.assetcatalog; path = Assets.xcassets; sourceTree = "<group>"; };
		CE1D5C8E271C4AAB007EA5AC /* Preview Assets.xcassets */ = {isa = PBXFileReference; lastKnownFileType = folder.assetcatalog; path = "Preview Assets.xcassets"; sourceTree = "<group>"; };
		CE1D5C94271C4AAB007EA5AC /* praxisruf-ios-mobile-clientTests.xctest */ = {isa = PBXFileReference; explicitFileType = wrapper.cfbundle; includeInIndex = 0; path = "praxisruf-ios-mobile-clientTests.xctest"; sourceTree = BUILT_PRODUCTS_DIR; };
		CE1D5C98271C4AAB007EA5AC /* praxisruf_ios_mobile_clientTests.swift */ = {isa = PBXFileReference; lastKnownFileType = sourcecode.swift; path = praxisruf_ios_mobile_clientTests.swift; sourceTree = "<group>"; };
		CE1D5C9E271C4AAB007EA5AC /* praxisruf-ios-mobile-clientUITests.xctest */ = {isa = PBXFileReference; explicitFileType = wrapper.cfbundle; includeInIndex = 0; path = "praxisruf-ios-mobile-clientUITests.xctest"; sourceTree = BUILT_PRODUCTS_DIR; };
		CE1D5CA2271C4AAB007EA5AC /* praxisruf_ios_mobile_clientUITests.swift */ = {isa = PBXFileReference; lastKnownFileType = sourcecode.swift; path = praxisruf_ios_mobile_clientUITests.swift; sourceTree = "<group>"; };
		CE1D5CA4271C4AAB007EA5AC /* praxisruf_ios_mobile_clientUITestsLaunchTests.swift */ = {isa = PBXFileReference; lastKnownFileType = sourcecode.swift; path = praxisruf_ios_mobile_clientUITestsLaunchTests.swift; sourceTree = "<group>"; };
		CE1D5CB4271C4E88007EA5AC /* Localizable.strings */ = {isa = PBXFileReference; lastKnownFileType = text.plist.strings; path = Localizable.strings; sourceTree = "<group>"; };
		CE212BAB27674AC3001131BF /* CallClient.swift */ = {isa = PBXFileReference; lastKnownFileType = sourcecode.swift; path = CallClient.swift; sourceTree = "<group>"; };
		CE212BB2276771AA001131BF /* SessionDescription.swift */ = {isa = PBXFileReference; lastKnownFileType = sourcecode.swift; path = SessionDescription.swift; sourceTree = "<group>"; };
		CE212BB4276771D0001131BF /* IceCandidate.swift */ = {isa = PBXFileReference; lastKnownFileType = sourcecode.swift; path = IceCandidate.swift; sourceTree = "<group>"; };
		CE212BBC276DCB6D001131BF /* CallType.swift */ = {isa = PBXFileReference; lastKnownFileType = sourcecode.swift; path = CallType.swift; sourceTree = "<group>"; };
		CE413BC72761156F009F2B3F /* CallService.swift */ = {isa = PBXFileReference; lastKnownFileType = sourcecode.swift; path = CallService.swift; sourceTree = "<group>"; };
		CE51D02B2723DAA9000D09C1 /* IntercomItem.swift */ = {isa = PBXFileReference; lastKnownFileType = sourcecode.swift; path = IntercomItem.swift; sourceTree = "<group>"; };
		CE51D02D272540ED000D09C1 /* PraxisrufApi+Registration.swift */ = {isa = PBXFileReference; lastKnownFileType = sourcecode.swift; path = "PraxisrufApi+Registration.swift"; sourceTree = "<group>"; };
		CE51D02F2725431B000D09C1 /* RegistrationService.swift */ = {isa = PBXFileReference; lastKnownFileType = sourcecode.swift; path = RegistrationService.swift; sourceTree = "<group>"; };
		CE51D0322725600A000D09C1 /* UserDefaultKeys.swift */ = {isa = PBXFileReference; lastKnownFileType = sourcecode.swift; path = UserDefaultKeys.swift; sourceTree = "<group>"; };
		CE51D034272563D6000D09C1 /* PraxisrufApi+Notification.swift */ = {isa = PBXFileReference; lastKnownFileType = sourcecode.swift; path = "PraxisrufApi+Notification.swift"; sourceTree = "<group>"; };
		CE51D039272564F3000D09C1 /* SendNotification.swift */ = {isa = PBXFileReference; lastKnownFileType = sourcecode.swift; path = SendNotification.swift; sourceTree = "<group>"; };
		CE51D03B27259193000D09C1 /* HomeView.swift */ = {isa = PBXFileReference; lastKnownFileType = sourcecode.swift; path = HomeView.swift; sourceTree = "<group>"; };
		CE51D04027259265000D09C1 /* SettingsView.swift */ = {isa = PBXFileReference; lastKnownFileType = sourcecode.swift; path = SettingsView.swift; sourceTree = "<group>"; };
		CE51D0452726922B000D09C1 /* InboxItem.swift */ = {isa = PBXFileReference; lastKnownFileType = sourcecode.swift; path = InboxItem.swift; sourceTree = "<group>"; };
		CE53ABDE271DA1FE00BAD1F1 /* IntercomView.swift */ = {isa = PBXFileReference; lastKnownFileType = sourcecode.swift; path = IntercomView.swift; sourceTree = "<group>"; };
		CE53ABE0271DA32300BAD1F1 /* InboxView.swift */ = {isa = PBXFileReference; lastKnownFileType = sourcecode.swift; path = InboxView.swift; sourceTree = "<group>"; };
		CE53ABE2271DA56300BAD1F1 /* PraxisrufApi.swift */ = {isa = PBXFileReference; lastKnownFileType = sourcecode.swift; path = PraxisrufApi.swift; sourceTree = "<group>"; };
		CE53ABEC271EAF3200BAD1F1 /* PraxisrufApi+Auth.swift */ = {isa = PBXFileReference; lastKnownFileType = sourcecode.swift; path = "PraxisrufApi+Auth.swift"; sourceTree = "<group>"; };
		CE53ABEE271EB11900BAD1F1 /* PraxisrufApi+Conf.swift */ = {isa = PBXFileReference; lastKnownFileType = sourcecode.swift; path = "PraxisrufApi+Conf.swift"; sourceTree = "<group>"; };
		CE53ABF0271EB15E00BAD1F1 /* ClientSelectView.swift */ = {isa = PBXFileReference; lastKnownFileType = sourcecode.swift; path = ClientSelectView.swift; sourceTree = "<group>"; };
		CE53ABF2271EB28C00BAD1F1 /* Client.swift */ = {isa = PBXFileReference; lastKnownFileType = sourcecode.swift; path = Client.swift; sourceTree = "<group>"; };
		CE53ABF4271EB30100BAD1F1 /* ClientsService.swift */ = {isa = PBXFileReference; lastKnownFileType = sourcecode.swift; path = ClientsService.swift; sourceTree = "<group>"; };
		CE53ABFC271EF9D700BAD1F1 /* NotificationType.swift */ = {isa = PBXFileReference; lastKnownFileType = sourcecode.swift; path = NotificationType.swift; sourceTree = "<group>"; };
		CE53ABFE271EFAFC00BAD1F1 /* NotificationService.swift */ = {isa = PBXFileReference; lastKnownFileType = sourcecode.swift; path = NotificationService.swift; sourceTree = "<group>"; };
		CE53AC13271F134600BAD1F1 /* praxisruf-ios-mobile-client.entitlements */ = {isa = PBXFileReference; lastKnownFileType = text.plist.entitlements; path = "praxisruf-ios-mobile-client.entitlements"; sourceTree = "<group>"; };
		CE53AC14271F1BC300BAD1F1 /* GoogleService-Info.plist */ = {isa = PBXFileReference; lastKnownFileType = text.plist.xml; path = "GoogleService-Info.plist"; sourceTree = "<group>"; };
		CE615528276E12E4007798C6 /* CallActionButton.swift */ = {isa = PBXFileReference; lastKnownFileType = sourcecode.swift; path = CallActionButton.swift; sourceTree = "<group>"; };
		CE61552A276E170E007798C6 /* ActiveCallView.swift */ = {isa = PBXFileReference; lastKnownFileType = sourcecode.swift; path = ActiveCallView.swift; sourceTree = "<group>"; };
		CE61552C276E6CA8007798C6 /* PraxisrufApi+Signaling.swift */ = {isa = PBXFileReference; lastKnownFileType = sourcecode.swift; path = "PraxisrufApi+Signaling.swift"; sourceTree = "<group>"; };
		CE61552E27732B81007798C6 /* PraxisrufApiError.swift */ = {isa = PBXFileReference; lastKnownFileType = sourcecode.swift; path = PraxisrufApiError.swift; sourceTree = "<group>"; };
		CE81C582275F5E7600F69B74 /* ReceiveNotification.swift */ = {isa = PBXFileReference; lastKnownFileType = sourcecode.swift; path = ReceiveNotification.swift; sourceTree = "<group>"; };
		CE81C5842761107100F69B74 /* Registration.swift */ = {isa = PBXFileReference; lastKnownFileType = sourcecode.swift; path = Registration.swift; sourceTree = "<group>"; };
		CE94AC522753E08200C93410 /* Settings.swift */ = {isa = PBXFileReference; lastKnownFileType = sourcecode.swift; path = Settings.swift; sourceTree = "<group>"; };
		CE94AC542753F1FE00C93410 /* NotificationSendResult.swift */ = {isa = PBXFileReference; lastKnownFileType = sourcecode.swift; path = NotificationSendResult.swift; sourceTree = "<group>"; };
		CE94AC562756552900C93410 /* RetryAlert.swift */ = {isa = PBXFileReference; lastKnownFileType = sourcecode.swift; path = RetryAlert.swift; sourceTree = "<group>"; };
		CE94AC5827566B6900C93410 /* InboxReminderService.swift */ = {isa = PBXFileReference; lastKnownFileType = sourcecode.swift; path = InboxReminderService.swift; sourceTree = "<group>"; };
		CE94AC5E275688AF00C93410 /* SplashScreen.swift */ = {isa = PBXFileReference; lastKnownFileType = sourcecode.swift; path = SplashScreen.swift; sourceTree = "<group>"; };
		CE94AC64275BC1C100C93410 /* Configuration.swift */ = {isa = PBXFileReference; lastKnownFileType = sourcecode.swift; path = Configuration.swift; sourceTree = "<group>"; };
		CE94AC66275BC1D800C93410 /* DisplayCallType.swift */ = {isa = PBXFileReference; lastKnownFileType = sourcecode.swift; path = DisplayCallType.swift; sourceTree = "<group>"; };
		CE94AC68275BCCB700C93410 /* ConfigurationService.swift */ = {isa = PBXFileReference; lastKnownFileType = sourcecode.swift; path = ConfigurationService.swift; sourceTree = "<group>"; };
		CE97F1B22723589A00B1CA0D /* AppDelegate.swift */ = {isa = PBXFileReference; lastKnownFileType = sourcecode.swift; path = AppDelegate.swift; sourceTree = "<group>"; };
		CEE9A2DD27620C3B006810BC /* Signal.swift */ = {isa = PBXFileReference; lastKnownFileType = sourcecode.swift; path = Signal.swift; sourceTree = "<group>"; };
/* End PBXFileReference section */

/* Begin PBXFrameworksBuildPhase section */
		CE1D5C81271C4AAA007EA5AC /* Frameworks */ = {
			isa = PBXFrameworksBuildPhase;
			buildActionMask = 2147483647;
			files = (
				CE53AC12271F124300BAD1F1 /* FirebaseMessaging in Frameworks */,
				CE01405C272EA4F100B71AB7 /* WebRTC in Frameworks */,
				CE94AC5C27567BDB00C93410 /* SwiftKeychainWrapper in Frameworks */,
			);
			runOnlyForDeploymentPostprocessing = 0;
		};
		CE1D5C91271C4AAB007EA5AC /* Frameworks */ = {
			isa = PBXFrameworksBuildPhase;
			buildActionMask = 2147483647;
			files = (
			);
			runOnlyForDeploymentPostprocessing = 0;
		};
		CE1D5C9B271C4AAB007EA5AC /* Frameworks */ = {
			isa = PBXFrameworksBuildPhase;
			buildActionMask = 2147483647;
			files = (
			);
			runOnlyForDeploymentPostprocessing = 0;
		};
/* End PBXFrameworksBuildPhase section */

/* Begin PBXGroup section */
		CE01404E2726E29400B71AB7 /* Intercom */ = {
			isa = PBXGroup;
			children = (
				CE53ABDE271DA1FE00BAD1F1 /* IntercomView.swift */,
				CE0140522726E39500B71AB7 /* IntercomButton.swift */,
				CE0140542726E50400B71AB7 /* ButtonGridView.swift */,
				CE94AC562756552900C93410 /* RetryAlert.swift */,
			);
			path = Intercom;
			sourceTree = "<group>";
		};
		CE01404F2726E29B00B71AB7 /* Inbox */ = {
			isa = PBXGroup;
			children = (
				CE53ABE0271DA32300BAD1F1 /* InboxView.swift */,
				CE0140502726E2C300B71AB7 /* InboxItemView.swift */,
			);
			path = Inbox;
			sourceTree = "<group>";
		};
		CE068135277F4E7000E8D4BE /* AppState */ = {
			isa = PBXGroup;
			children = (
				CE068136277F4E7F00E8D4BE /* Auth.swift */,
				CE94AC522753E08200C93410 /* Settings.swift */,
			);
			path = AppState;
			sourceTree = "<group>";
		};
		CE1D5C7B271C4AAA007EA5AC = {
			isa = PBXGroup;
			children = (
				CE1D5C86271C4AAA007EA5AC /* praxisruf-ios-mobile-client */,
				CE1D5C97271C4AAB007EA5AC /* praxisruf-ios-mobile-clientTests */,
				CE1D5CA1271C4AAB007EA5AC /* praxisruf-ios-mobile-clientUITests */,
				CE1D5C85271C4AAA007EA5AC /* Products */,
			);
			sourceTree = "<group>";
		};
		CE1D5C85271C4AAA007EA5AC /* Products */ = {
			isa = PBXGroup;
			children = (
				CE1D5C84271C4AAA007EA5AC /* praxisruf-ios-mobile-client.app */,
				CE1D5C94271C4AAB007EA5AC /* praxisruf-ios-mobile-clientTests.xctest */,
				CE1D5C9E271C4AAB007EA5AC /* praxisruf-ios-mobile-clientUITests.xctest */,
			);
			name = Products;
			sourceTree = "<group>";
		};
		CE1D5C86271C4AAA007EA5AC /* praxisruf-ios-mobile-client */ = {
			isa = PBXGroup;
			children = (
				CE53AC13271F134600BAD1F1 /* praxisruf-ios-mobile-client.entitlements */,
				CE1D5CB3271C4C8C007EA5AC /* App */,
				CE1D5CB2271C4C83007EA5AC /* Model */,
				CE1D5CB6271C4E8E007EA5AC /* Resources */,
				CE53ABE6271EA76B00BAD1F1 /* Service */,
				CE1D5CB1271C4C79007EA5AC /* View */,
				CE1D5C8B271C4AAB007EA5AC /* Assets.xcassets */,
				CE1D5C8D271C4AAB007EA5AC /* Preview Content */,
			);
			path = "praxisruf-ios-mobile-client";
			sourceTree = "<group>";
		};
		CE1D5C8D271C4AAB007EA5AC /* Preview Content */ = {
			isa = PBXGroup;
			children = (
				CE1D5C8E271C4AAB007EA5AC /* Preview Assets.xcassets */,
			);
			path = "Preview Content";
			sourceTree = "<group>";
		};
		CE1D5C97271C4AAB007EA5AC /* praxisruf-ios-mobile-clientTests */ = {
			isa = PBXGroup;
			children = (
				CE1D5C98271C4AAB007EA5AC /* praxisruf_ios_mobile_clientTests.swift */,
			);
			path = "praxisruf-ios-mobile-clientTests";
			sourceTree = "<group>";
		};
		CE1D5CA1271C4AAB007EA5AC /* praxisruf-ios-mobile-clientUITests */ = {
			isa = PBXGroup;
			children = (
				CE1D5CA2271C4AAB007EA5AC /* praxisruf_ios_mobile_clientUITests.swift */,
				CE1D5CA4271C4AAB007EA5AC /* praxisruf_ios_mobile_clientUITestsLaunchTests.swift */,
			);
			path = "praxisruf-ios-mobile-clientUITests";
			sourceTree = "<group>";
		};
		CE1D5CB1271C4C79007EA5AC /* View */ = {
			isa = PBXGroup;
			children = (
				CE615525276E1298007798C6 /* Call */,
				CE94AC5D2756889A00C93410 /* SplashScreen */,
				CE01404F2726E29B00B71AB7 /* Inbox */,
				CE01404E2726E29400B71AB7 /* Intercom */,
				CE51D03D272591A0000D09C1 /* Login */,
				CE51D03E272591AD000D09C1 /* Home */,
				CE51D03F272591D7000D09C1 /* Settings */,
			);
			path = View;
			sourceTree = "<group>";
		};
		CE1D5CB2271C4C83007EA5AC /* Model */ = {
			isa = PBXGroup;
			children = (
				CEE9A2DF27620C42006810BC /* Call */,
				CE51D0442726921A000D09C1 /* Inbox */,
				CE51D038272564DC000D09C1 /* Constants */,
				CE51D037272564C3000D09C1 /* Configuration */,
				CE51D036272564B4000D09C1 /* Notification */,
			);
			path = Model;
			sourceTree = "<group>";
		};
		CE1D5CB3271C4C8C007EA5AC /* App */ = {
			isa = PBXGroup;
			children = (
				CE1D5C87271C4AAA007EA5AC /* praxisruf_ios_mobile_clientApp.swift */,
				CE97F1B22723589A00B1CA0D /* AppDelegate.swift */,
				CE068133277F35C200E8D4BE /* ErrorHandling.swift */,
				CE068138277F5F3600E8D4BE /* Utils.swift */,
			);
			path = App;
			sourceTree = "<group>";
		};
		CE1D5CB6271C4E8E007EA5AC /* Resources */ = {
			isa = PBXGroup;
			children = (
				CE53AC14271F1BC300BAD1F1 /* GoogleService-Info.plist */,
				CE1D5CB4271C4E88007EA5AC /* Localizable.strings */,
			);
			path = Resources;
			sourceTree = "<group>";
		};
		CE212BAF27677167001131BF /* WebRTC */ = {
			isa = PBXGroup;
			children = (
				CE212BB2276771AA001131BF /* SessionDescription.swift */,
				CE212BB4276771D0001131BF /* IceCandidate.swift */,
				CE06813A277F81B500E8D4BE /* Signal+WebRTC.swift */,
			);
			path = WebRTC;
			sourceTree = "<group>";
		};
		CE30F7BB2783689A00B0F12C /* Configuration */ = {
			isa = PBXGroup;
			children = (
				CE53ABF4271EB30100BAD1F1 /* ClientsService.swift */,
				CE94AC68275BCCB700C93410 /* ConfigurationService.swift */,
			);
			path = Configuration;
			sourceTree = "<group>";
		};
		CE413BC9276115BD009F2B3F /* Calls */ = {
			isa = PBXGroup;
			children = (
				CE413BC72761156F009F2B3F /* CallService.swift */,
				CE212BAB27674AC3001131BF /* CallClient.swift */,
			);
			path = Calls;
			sourceTree = "<group>";
		};
		CE413BCA276115CC009F2B3F /* Notification */ = {
			isa = PBXGroup;
			children = (
				CE01406127317EF600B71AB7 /* AudioPlayer.swift */,
				CE94AC5827566B6900C93410 /* InboxReminderService.swift */,
				CE53ABFE271EFAFC00BAD1F1 /* NotificationService.swift */,
				CE51D02F2725431B000D09C1 /* RegistrationService.swift */,
				CE01405F27317ACF00B71AB7 /* SpeechSynthesisService.swift */,
			);
			path = Notification;
			sourceTree = "<group>";
		};
		CE51D03127254369000D09C1 /* PraxisrufApi */ = {
			isa = PBXGroup;
			children = (
				CE53ABE2271DA56300BAD1F1 /* PraxisrufApi.swift */,
				CE53ABEC271EAF3200BAD1F1 /* PraxisrufApi+Auth.swift */,
				CE53ABEE271EB11900BAD1F1 /* PraxisrufApi+Conf.swift */,
				CE51D02D272540ED000D09C1 /* PraxisrufApi+Registration.swift */,
				CE51D034272563D6000D09C1 /* PraxisrufApi+Notification.swift */,
				CE01405D2731787500B71AB7 /* PraxisrufApi+SpeechSynth.swift */,
				CE61552C276E6CA8007798C6 /* PraxisrufApi+Signaling.swift */,
				CE61552E27732B81007798C6 /* PraxisrufApiError.swift */,
			);
			path = PraxisrufApi;
			sourceTree = "<group>";
		};
		CE51D036272564B4000D09C1 /* Notification */ = {
			isa = PBXGroup;
			children = (
				CE51D039272564F3000D09C1 /* SendNotification.swift */,
				CE94AC542753F1FE00C93410 /* NotificationSendResult.swift */,
				CE81C582275F5E7600F69B74 /* ReceiveNotification.swift */,
			);
			path = Notification;
			sourceTree = "<group>";
		};
		CE51D037272564C3000D09C1 /* Configuration */ = {
			isa = PBXGroup;
			children = (
				CE81C5842761107100F69B74 /* Registration.swift */,
				CE51D02B2723DAA9000D09C1 /* IntercomItem.swift */,
				CE53ABF2271EB28C00BAD1F1 /* Client.swift */,
				CE53ABFC271EF9D700BAD1F1 /* NotificationType.swift */,
				CE212BBC276DCB6D001131BF /* CallType.swift */,
				CE94AC64275BC1C100C93410 /* Configuration.swift */,
				CE94AC66275BC1D800C93410 /* DisplayCallType.swift */,
			);
			path = Configuration;
			sourceTree = "<group>";
		};
		CE51D038272564DC000D09C1 /* Constants */ = {
			isa = PBXGroup;
			children = (
				CE51D0322725600A000D09C1 /* UserDefaultKeys.swift */,
			);
			path = Constants;
			sourceTree = "<group>";
		};
		CE51D03D272591A0000D09C1 /* Login */ = {
			isa = PBXGroup;
			children = (
				CE1D5C89271C4AAA007EA5AC /* LoginView.swift */,
				CE53ABF0271EB15E00BAD1F1 /* ClientSelectView.swift */,
			);
			path = Login;
			sourceTree = "<group>";
		};
		CE51D03E272591AD000D09C1 /* Home */ = {
			isa = PBXGroup;
			children = (
				CE51D03B27259193000D09C1 /* HomeView.swift */,
			);
			path = Home;
			sourceTree = "<group>";
		};
		CE51D03F272591D7000D09C1 /* Settings */ = {
			isa = PBXGroup;
			children = (
				CE51D04027259265000D09C1 /* SettingsView.swift */,
			);
			path = Settings;
			sourceTree = "<group>";
		};
		CE51D0442726921A000D09C1 /* Inbox */ = {
			isa = PBXGroup;
			children = (
				CE01404A2726C81400B71AB7 /* Inbox.swift */,
				CE51D0452726922B000D09C1 /* InboxItem.swift */,
				CE01404C2726DC8400B71AB7 /* Date+ToString.swift */,
			);
			path = Inbox;
			sourceTree = "<group>";
		};
		CE53ABE6271EA76B00BAD1F1 /* Service */ = {
			isa = PBXGroup;
			children = (
				CE068135277F4E7000E8D4BE /* AppState */,
				CE413BC9276115BD009F2B3F /* Calls */,
				CE30F7BB2783689A00B0F12C /* Configuration */,
				CE413BCA276115CC009F2B3F /* Notification */,
				CE51D03127254369000D09C1 /* PraxisrufApi */,
			);
			path = Service;
			sourceTree = "<group>";
		};
		CE615525276E1298007798C6 /* Call */ = {
			isa = PBXGroup;
			children = (
				CE615528276E12E4007798C6 /* CallActionButton.swift */,
				CE61552A276E170E007798C6 /* ActiveCallView.swift */,
			);
			path = Call;
			sourceTree = "<group>";
		};
		CE94AC5D2756889A00C93410 /* SplashScreen */ = {
			isa = PBXGroup;
			children = (
				CE94AC5E275688AF00C93410 /* SplashScreen.swift */,
			);
			path = SplashScreen;
			sourceTree = "<group>";
		};
		CEE9A2DF27620C42006810BC /* Call */ = {
			isa = PBXGroup;
			children = (
				CE212BAF27677167001131BF /* WebRTC */,
				CEE9A2DD27620C3B006810BC /* Signal.swift */,
			);
			path = Call;
			sourceTree = "<group>";
		};
/* End PBXGroup section */

/* Begin PBXNativeTarget section */
		CE1D5C83271C4AAA007EA5AC /* praxisruf-ios-mobile-client */ = {
			isa = PBXNativeTarget;
			buildConfigurationList = CE1D5CA8271C4AAB007EA5AC /* Build configuration list for PBXNativeTarget "praxisruf-ios-mobile-client" */;
			buildPhases = (
				CE1D5C80271C4AAA007EA5AC /* Sources */,
				CE1D5C81271C4AAA007EA5AC /* Frameworks */,
				CE1D5C82271C4AAA007EA5AC /* Resources */,
			);
			buildRules = (
			);
			dependencies = (
			);
			name = "praxisruf-ios-mobile-client";
			packageProductDependencies = (
				CE53AC11271F124300BAD1F1 /* FirebaseMessaging */,
				CE01405B272EA4F100B71AB7 /* WebRTC */,
				CE94AC5B27567BDB00C93410 /* SwiftKeychainWrapper */,
			);
			productName = "praxisruf-ios-mobile-client";
			productReference = CE1D5C84271C4AAA007EA5AC /* praxisruf-ios-mobile-client.app */;
			productType = "com.apple.product-type.application";
		};
		CE1D5C93271C4AAB007EA5AC /* praxisruf-ios-mobile-clientTests */ = {
			isa = PBXNativeTarget;
			buildConfigurationList = CE1D5CAB271C4AAB007EA5AC /* Build configuration list for PBXNativeTarget "praxisruf-ios-mobile-clientTests" */;
			buildPhases = (
				CE1D5C90271C4AAB007EA5AC /* Sources */,
				CE1D5C91271C4AAB007EA5AC /* Frameworks */,
				CE1D5C92271C4AAB007EA5AC /* Resources */,
			);
			buildRules = (
			);
			dependencies = (
				CE1D5C96271C4AAB007EA5AC /* PBXTargetDependency */,
			);
			name = "praxisruf-ios-mobile-clientTests";
			productName = "praxisruf-ios-mobile-clientTests";
			productReference = CE1D5C94271C4AAB007EA5AC /* praxisruf-ios-mobile-clientTests.xctest */;
			productType = "com.apple.product-type.bundle.unit-test";
		};
		CE1D5C9D271C4AAB007EA5AC /* praxisruf-ios-mobile-clientUITests */ = {
			isa = PBXNativeTarget;
			buildConfigurationList = CE1D5CAE271C4AAB007EA5AC /* Build configuration list for PBXNativeTarget "praxisruf-ios-mobile-clientUITests" */;
			buildPhases = (
				CE1D5C9A271C4AAB007EA5AC /* Sources */,
				CE1D5C9B271C4AAB007EA5AC /* Frameworks */,
				CE1D5C9C271C4AAB007EA5AC /* Resources */,
			);
			buildRules = (
			);
			dependencies = (
				CE1D5CA0271C4AAB007EA5AC /* PBXTargetDependency */,
			);
			name = "praxisruf-ios-mobile-clientUITests";
			productName = "praxisruf-ios-mobile-clientUITests";
			productReference = CE1D5C9E271C4AAB007EA5AC /* praxisruf-ios-mobile-clientUITests.xctest */;
			productType = "com.apple.product-type.bundle.ui-testing";
		};
/* End PBXNativeTarget section */

/* Begin PBXProject section */
		CE1D5C7C271C4AAA007EA5AC /* Project object */ = {
			isa = PBXProject;
			attributes = {
				BuildIndependentTargetsInParallel = 1;
				LastSwiftUpdateCheck = 1300;
				LastUpgradeCheck = 1300;
				TargetAttributes = {
					CE1D5C83271C4AAA007EA5AC = {
						CreatedOnToolsVersion = 13.0;
					};
					CE1D5C93271C4AAB007EA5AC = {
						CreatedOnToolsVersion = 13.0;
						TestTargetID = CE1D5C83271C4AAA007EA5AC;
					};
					CE1D5C9D271C4AAB007EA5AC = {
						CreatedOnToolsVersion = 13.0;
						TestTargetID = CE1D5C83271C4AAA007EA5AC;
					};
				};
			};
			buildConfigurationList = CE1D5C7F271C4AAA007EA5AC /* Build configuration list for PBXProject "praxisruf-ios-mobile-client" */;
			compatibilityVersion = "Xcode 13.0";
			developmentRegion = en;
			hasScannedForEncodings = 0;
			knownRegions = (
				en,
				Base,
			);
			mainGroup = CE1D5C7B271C4AAA007EA5AC;
			packageReferences = (
				CE53AC10271F124300BAD1F1 /* XCRemoteSwiftPackageReference "firebase-ios-sdk" */,
				CE01405A272EA4F100B71AB7 /* XCRemoteSwiftPackageReference "WebRTC" */,
				CE94AC5A27567BDB00C93410 /* XCRemoteSwiftPackageReference "SwiftKeychainWrapper" */,
			);
			productRefGroup = CE1D5C85271C4AAA007EA5AC /* Products */;
			projectDirPath = "";
			projectRoot = "";
			targets = (
				CE1D5C83271C4AAA007EA5AC /* praxisruf-ios-mobile-client */,
				CE1D5C93271C4AAB007EA5AC /* praxisruf-ios-mobile-clientTests */,
				CE1D5C9D271C4AAB007EA5AC /* praxisruf-ios-mobile-clientUITests */,
			);
		};
/* End PBXProject section */

/* Begin PBXResourcesBuildPhase section */
		CE1D5C82271C4AAA007EA5AC /* Resources */ = {
			isa = PBXResourcesBuildPhase;
			buildActionMask = 2147483647;
			files = (
				CE1D5C8F271C4AAB007EA5AC /* Preview Assets.xcassets in Resources */,
				CE53AC15271F1BD600BAD1F1 /* GoogleService-Info.plist in Resources */,
				CE1D5CB5271C4E88007EA5AC /* Localizable.strings in Resources */,
				CE1D5C8C271C4AAB007EA5AC /* Assets.xcassets in Resources */,
			);
			runOnlyForDeploymentPostprocessing = 0;
		};
		CE1D5C92271C4AAB007EA5AC /* Resources */ = {
			isa = PBXResourcesBuildPhase;
			buildActionMask = 2147483647;
			files = (
			);
			runOnlyForDeploymentPostprocessing = 0;
		};
		CE1D5C9C271C4AAB007EA5AC /* Resources */ = {
			isa = PBXResourcesBuildPhase;
			buildActionMask = 2147483647;
			files = (
			);
			runOnlyForDeploymentPostprocessing = 0;
		};
/* End PBXResourcesBuildPhase section */

/* Begin PBXSourcesBuildPhase section */
		CE1D5C80271C4AAA007EA5AC /* Sources */ = {
			isa = PBXSourcesBuildPhase;
			buildActionMask = 2147483647;
			files = (
				CE94AC5F275688AF00C93410 /* SplashScreen.swift in Sources */,
				CE53ABEF271EB11900BAD1F1 /* PraxisrufApi+Conf.swift in Sources */,
				CE51D0302725431B000D09C1 /* RegistrationService.swift in Sources */,
				CE01404D2726DC8400B71AB7 /* Date+ToString.swift in Sources */,
				CE1D5C8A271C4AAA007EA5AC /* LoginView.swift in Sources */,
				CE068134277F35C200E8D4BE /* ErrorHandling.swift in Sources */,
				CE0140552726E50400B71AB7 /* ButtonGridView.swift in Sources */,
				CE94AC5927566B6900C93410 /* InboxReminderService.swift in Sources */,
				CE53ABE1271DA32300BAD1F1 /* InboxView.swift in Sources */,
				CE01406027317ACF00B71AB7 /* SpeechSynthesisService.swift in Sources */,
				CE61552F27732B81007798C6 /* PraxisrufApiError.swift in Sources */,
				CE94AC67275BC1D800C93410 /* DisplayCallType.swift in Sources */,
				CE53ABF5271EB30100BAD1F1 /* ClientsService.swift in Sources */,
				CE212BB5276771D0001131BF /* IceCandidate.swift in Sources */,
				CE97F1B32723589A00B1CA0D /* AppDelegate.swift in Sources */,
				CE53ABED271EAF3200BAD1F1 /* PraxisrufApi+Auth.swift in Sources */,
				CE61552B276E170E007798C6 /* ActiveCallView.swift in Sources */,
				CE94AC552753F1FE00C93410 /* NotificationSendResult.swift in Sources */,
				CE94AC572756552900C93410 /* RetryAlert.swift in Sources */,
				CE068137277F4E7F00E8D4BE /* Auth.swift in Sources */,
				CE53ABF1271EB15E00BAD1F1 /* ClientSelectView.swift in Sources */,
				CE51D02C2723DAA9000D09C1 /* IntercomItem.swift in Sources */,
				CE01404B2726C81400B71AB7 /* Inbox.swift in Sources */,
				CE51D0462726922B000D09C1 /* InboxItem.swift in Sources */,
				CE06813B277F81B500E8D4BE /* Signal+WebRTC.swift in Sources */,
				CE0140512726E2C300B71AB7 /* InboxItemView.swift in Sources */,
				CE61552D276E6CA8007798C6 /* PraxisrufApi+Signaling.swift in Sources */,
				CE94AC532753E08200C93410 /* Settings.swift in Sources */,
				CE94AC65275BC1C100C93410 /* Configuration.swift in Sources */,
				CE81C583275F5E7600F69B74 /* ReceiveNotification.swift in Sources */,
				CEE9A2DE27620C3B006810BC /* Signal.swift in Sources */,
				CE615529276E12E4007798C6 /* CallActionButton.swift in Sources */,
				CE53ABDF271DA1FE00BAD1F1 /* IntercomView.swift in Sources */,
				CE212BAC27674AC3001131BF /* CallClient.swift in Sources */,
				CE51D035272563D6000D09C1 /* PraxisrufApi+Notification.swift in Sources */,
				CE53ABE3271DA56300BAD1F1 /* PraxisrufApi.swift in Sources */,
				CE0140532726E39500B71AB7 /* IntercomButton.swift in Sources */,
				CE212BBD276DCB6D001131BF /* CallType.swift in Sources */,
				CE53ABFF271EFAFC00BAD1F1 /* NotificationService.swift in Sources */,
				CE212BB3276771AA001131BF /* SessionDescription.swift in Sources */,
				CE413BC82761156F009F2B3F /* CallService.swift in Sources */,
				CE53ABF3271EB28C00BAD1F1 /* Client.swift in Sources */,
				CE01406227317EF600B71AB7 /* AudioPlayer.swift in Sources */,
				CE068139277F5F3600E8D4BE /* Utils.swift in Sources */,
				CE51D03C27259194000D09C1 /* HomeView.swift in Sources */,
				CE53ABFD271EF9D700BAD1F1 /* NotificationType.swift in Sources */,
				CE51D02E272540ED000D09C1 /* PraxisrufApi+Registration.swift in Sources */,
				CE1D5C88271C4AAA007EA5AC /* praxisruf_ios_mobile_clientApp.swift in Sources */,
				CE94AC69275BCCB800C93410 /* ConfigurationService.swift in Sources */,
				CE01405E2731787500B71AB7 /* PraxisrufApi+SpeechSynth.swift in Sources */,
				CE51D03A272564F3000D09C1 /* SendNotification.swift in Sources */,
				CE81C5852761107100F69B74 /* Registration.swift in Sources */,
				CE51D0332725600A000D09C1 /* UserDefaultKeys.swift in Sources */,
				CE51D04127259265000D09C1 /* SettingsView.swift in Sources */,
			);
			runOnlyForDeploymentPostprocessing = 0;
		};
		CE1D5C90271C4AAB007EA5AC /* Sources */ = {
			isa = PBXSourcesBuildPhase;
			buildActionMask = 2147483647;
			files = (
				CE1D5C99271C4AAB007EA5AC /* praxisruf_ios_mobile_clientTests.swift in Sources */,
			);
			runOnlyForDeploymentPostprocessing = 0;
		};
		CE1D5C9A271C4AAB007EA5AC /* Sources */ = {
			isa = PBXSourcesBuildPhase;
			buildActionMask = 2147483647;
			files = (
				CE1D5CA5271C4AAB007EA5AC /* praxisruf_ios_mobile_clientUITestsLaunchTests.swift in Sources */,
				CE1D5CA3271C4AAB007EA5AC /* praxisruf_ios_mobile_clientUITests.swift in Sources */,
			);
			runOnlyForDeploymentPostprocessing = 0;
		};
/* End PBXSourcesBuildPhase section */

/* Begin PBXTargetDependency section */
		CE1D5C96271C4AAB007EA5AC /* PBXTargetDependency */ = {
			isa = PBXTargetDependency;
			target = CE1D5C83271C4AAA007EA5AC /* praxisruf-ios-mobile-client */;
			targetProxy = CE1D5C95271C4AAB007EA5AC /* PBXContainerItemProxy */;
		};
		CE1D5CA0271C4AAB007EA5AC /* PBXTargetDependency */ = {
			isa = PBXTargetDependency;
			target = CE1D5C83271C4AAA007EA5AC /* praxisruf-ios-mobile-client */;
			targetProxy = CE1D5C9F271C4AAB007EA5AC /* PBXContainerItemProxy */;
		};
/* End PBXTargetDependency section */

/* Begin XCBuildConfiguration section */
		CE1D5CA6271C4AAB007EA5AC /* Debug */ = {
			isa = XCBuildConfiguration;
			buildSettings = {
				ALWAYS_SEARCH_USER_PATHS = NO;
				CLANG_ANALYZER_NONNULL = YES;
				CLANG_ANALYZER_NUMBER_OBJECT_CONVERSION = YES_AGGRESSIVE;
				CLANG_CXX_LANGUAGE_STANDARD = "gnu++17";
				CLANG_CXX_LIBRARY = "libc++";
				CLANG_ENABLE_MODULES = YES;
				CLANG_ENABLE_OBJC_ARC = YES;
				CLANG_ENABLE_OBJC_WEAK = YES;
				CLANG_WARN_BLOCK_CAPTURE_AUTORELEASING = YES;
				CLANG_WARN_BOOL_CONVERSION = YES;
				CLANG_WARN_COMMA = YES;
				CLANG_WARN_CONSTANT_CONVERSION = YES;
				CLANG_WARN_DEPRECATED_OBJC_IMPLEMENTATIONS = YES;
				CLANG_WARN_DIRECT_OBJC_ISA_USAGE = YES_ERROR;
				CLANG_WARN_DOCUMENTATION_COMMENTS = YES;
				CLANG_WARN_EMPTY_BODY = YES;
				CLANG_WARN_ENUM_CONVERSION = YES;
				CLANG_WARN_INFINITE_RECURSION = YES;
				CLANG_WARN_INT_CONVERSION = YES;
				CLANG_WARN_NON_LITERAL_NULL_CONVERSION = YES;
				CLANG_WARN_OBJC_IMPLICIT_RETAIN_SELF = YES;
				CLANG_WARN_OBJC_LITERAL_CONVERSION = YES;
				CLANG_WARN_OBJC_ROOT_CLASS = YES_ERROR;
				CLANG_WARN_QUOTED_INCLUDE_IN_FRAMEWORK_HEADER = YES;
				CLANG_WARN_RANGE_LOOP_ANALYSIS = YES;
				CLANG_WARN_STRICT_PROTOTYPES = YES;
				CLANG_WARN_SUSPICIOUS_MOVE = YES;
				CLANG_WARN_UNGUARDED_AVAILABILITY = YES_AGGRESSIVE;
				CLANG_WARN_UNREACHABLE_CODE = YES;
				CLANG_WARN__DUPLICATE_METHOD_MATCH = YES;
				COPY_PHASE_STRIP = NO;
				DEBUG_INFORMATION_FORMAT = dwarf;
				ENABLE_STRICT_OBJC_MSGSEND = YES;
				ENABLE_TESTABILITY = YES;
				GCC_C_LANGUAGE_STANDARD = gnu11;
				GCC_DYNAMIC_NO_PIC = NO;
				GCC_NO_COMMON_BLOCKS = YES;
				GCC_OPTIMIZATION_LEVEL = 0;
				GCC_PREPROCESSOR_DEFINITIONS = (
					"DEBUG=1",
					"$(inherited)",
				);
				GCC_WARN_64_TO_32_BIT_CONVERSION = YES;
				GCC_WARN_ABOUT_RETURN_TYPE = YES_ERROR;
				GCC_WARN_UNDECLARED_SELECTOR = YES;
				GCC_WARN_UNINITIALIZED_AUTOS = YES_AGGRESSIVE;
				GCC_WARN_UNUSED_FUNCTION = YES;
				GCC_WARN_UNUSED_VARIABLE = YES;
				IPHONEOS_DEPLOYMENT_TARGET = 15.0;
				MTL_ENABLE_DEBUG_INFO = INCLUDE_SOURCE;
				MTL_FAST_MATH = YES;
				ONLY_ACTIVE_ARCH = YES;
				SDKROOT = iphoneos;
				SWIFT_ACTIVE_COMPILATION_CONDITIONS = DEBUG;
				SWIFT_OPTIMIZATION_LEVEL = "-Onone";
			};
			name = Debug;
		};
		CE1D5CA7271C4AAB007EA5AC /* Release */ = {
			isa = XCBuildConfiguration;
			buildSettings = {
				ALWAYS_SEARCH_USER_PATHS = NO;
				CLANG_ANALYZER_NONNULL = YES;
				CLANG_ANALYZER_NUMBER_OBJECT_CONVERSION = YES_AGGRESSIVE;
				CLANG_CXX_LANGUAGE_STANDARD = "gnu++17";
				CLANG_CXX_LIBRARY = "libc++";
				CLANG_ENABLE_MODULES = YES;
				CLANG_ENABLE_OBJC_ARC = YES;
				CLANG_ENABLE_OBJC_WEAK = YES;
				CLANG_WARN_BLOCK_CAPTURE_AUTORELEASING = YES;
				CLANG_WARN_BOOL_CONVERSION = YES;
				CLANG_WARN_COMMA = YES;
				CLANG_WARN_CONSTANT_CONVERSION = YES;
				CLANG_WARN_DEPRECATED_OBJC_IMPLEMENTATIONS = YES;
				CLANG_WARN_DIRECT_OBJC_ISA_USAGE = YES_ERROR;
				CLANG_WARN_DOCUMENTATION_COMMENTS = YES;
				CLANG_WARN_EMPTY_BODY = YES;
				CLANG_WARN_ENUM_CONVERSION = YES;
				CLANG_WARN_INFINITE_RECURSION = YES;
				CLANG_WARN_INT_CONVERSION = YES;
				CLANG_WARN_NON_LITERAL_NULL_CONVERSION = YES;
				CLANG_WARN_OBJC_IMPLICIT_RETAIN_SELF = YES;
				CLANG_WARN_OBJC_LITERAL_CONVERSION = YES;
				CLANG_WARN_OBJC_ROOT_CLASS = YES_ERROR;
				CLANG_WARN_QUOTED_INCLUDE_IN_FRAMEWORK_HEADER = YES;
				CLANG_WARN_RANGE_LOOP_ANALYSIS = YES;
				CLANG_WARN_STRICT_PROTOTYPES = YES;
				CLANG_WARN_SUSPICIOUS_MOVE = YES;
				CLANG_WARN_UNGUARDED_AVAILABILITY = YES_AGGRESSIVE;
				CLANG_WARN_UNREACHABLE_CODE = YES;
				CLANG_WARN__DUPLICATE_METHOD_MATCH = YES;
				COPY_PHASE_STRIP = NO;
				DEBUG_INFORMATION_FORMAT = "dwarf-with-dsym";
				ENABLE_NS_ASSERTIONS = NO;
				ENABLE_STRICT_OBJC_MSGSEND = YES;
				GCC_C_LANGUAGE_STANDARD = gnu11;
				GCC_NO_COMMON_BLOCKS = YES;
				GCC_WARN_64_TO_32_BIT_CONVERSION = YES;
				GCC_WARN_ABOUT_RETURN_TYPE = YES_ERROR;
				GCC_WARN_UNDECLARED_SELECTOR = YES;
				GCC_WARN_UNINITIALIZED_AUTOS = YES_AGGRESSIVE;
				GCC_WARN_UNUSED_FUNCTION = YES;
				GCC_WARN_UNUSED_VARIABLE = YES;
				IPHONEOS_DEPLOYMENT_TARGET = 15.0;
				MTL_ENABLE_DEBUG_INFO = NO;
				MTL_FAST_MATH = YES;
				SDKROOT = iphoneos;
				SWIFT_COMPILATION_MODE = wholemodule;
				SWIFT_OPTIMIZATION_LEVEL = "-O";
				VALIDATE_PRODUCT = YES;
			};
			name = Release;
		};
		CE1D5CA9271C4AAB007EA5AC /* Debug */ = {
			isa = XCBuildConfiguration;
			buildSettings = {
				ASSETCATALOG_COMPILER_APPICON_NAME = AppIcon;
				ASSETCATALOG_COMPILER_GLOBAL_ACCENT_COLOR_NAME = AccentColor;
				CODE_SIGN_ENTITLEMENTS = "praxisruf-ios-mobile-client/praxisruf-ios-mobile-client.entitlements";
				CODE_SIGN_STYLE = Automatic;
				CURRENT_PROJECT_VERSION = 1;
				DEVELOPMENT_ASSET_PATHS = "\"praxisruf-ios-mobile-client/Preview Content\"";
				DEVELOPMENT_TEAM = RU33URRU8B;
				ENABLE_PREVIEWS = YES;
				GENERATE_INFOPLIST_FILE = YES;
				INFOPLIST_FILE = "praxisruf-ios-mobile-client/Info.plist";
				INFOPLIST_KEY_UIApplicationSupportsIndirectInputEvents = YES;
				INFOPLIST_KEY_UILaunchScreen_Generation = YES;
				INFOPLIST_KEY_UIRequiresFullScreen = NO;
				INFOPLIST_KEY_UISupportedInterfaceOrientations_iPad = UIInterfaceOrientationPortrait;
				INFOPLIST_KEY_UISupportedInterfaceOrientations_iPhone = "UIInterfaceOrientationPortrait UIInterfaceOrientationLandscapeLeft UIInterfaceOrientationLandscapeRight";
				IPHONEOS_DEPLOYMENT_TARGET = 14.0;
				LD_RUNPATH_SEARCH_PATHS = (
					"$(inherited)",
					"@executable_path/Frameworks",
				);
				MARKETING_VERSION = 1.0;
				PRODUCT_BUNDLE_IDENTIFIER = ch.fhnw.ip5.praxisintercom.client;
				PRODUCT_NAME = "$(TARGET_NAME)";
				SWIFT_EMIT_LOC_STRINGS = YES;
				SWIFT_VERSION = 5.0;
				TARGETED_DEVICE_FAMILY = "1,2";
			};
			name = Debug;
		};
		CE1D5CAA271C4AAB007EA5AC /* Release */ = {
			isa = XCBuildConfiguration;
			buildSettings = {
				ASSETCATALOG_COMPILER_APPICON_NAME = AppIcon;
				ASSETCATALOG_COMPILER_GLOBAL_ACCENT_COLOR_NAME = AccentColor;
				CODE_SIGN_ENTITLEMENTS = "praxisruf-ios-mobile-client/praxisruf-ios-mobile-client.entitlements";
				CODE_SIGN_STYLE = Automatic;
				CURRENT_PROJECT_VERSION = 1;
				DEVELOPMENT_ASSET_PATHS = "\"praxisruf-ios-mobile-client/Preview Content\"";
				DEVELOPMENT_TEAM = RU33URRU8B;
				ENABLE_PREVIEWS = YES;
				GENERATE_INFOPLIST_FILE = YES;
				INFOPLIST_FILE = "praxisruf-ios-mobile-client/Info.plist";
				INFOPLIST_KEY_UIApplicationSupportsIndirectInputEvents = YES;
				INFOPLIST_KEY_UILaunchScreen_Generation = YES;
				INFOPLIST_KEY_UIRequiresFullScreen = NO;
				INFOPLIST_KEY_UISupportedInterfaceOrientations_iPad = UIInterfaceOrientationPortrait;
				INFOPLIST_KEY_UISupportedInterfaceOrientations_iPhone = "UIInterfaceOrientationPortrait UIInterfaceOrientationLandscapeLeft UIInterfaceOrientationLandscapeRight";
				IPHONEOS_DEPLOYMENT_TARGET = 14.0;
				LD_RUNPATH_SEARCH_PATHS = (
					"$(inherited)",
					"@executable_path/Frameworks",
				);
				MARKETING_VERSION = 1.0;
				PRODUCT_BUNDLE_IDENTIFIER = ch.fhnw.ip5.praxisintercom.client;
				PRODUCT_NAME = "$(TARGET_NAME)";
				SWIFT_EMIT_LOC_STRINGS = YES;
				SWIFT_VERSION = 5.0;
				TARGETED_DEVICE_FAMILY = "1,2";
			};
			name = Release;
		};
		CE1D5CAC271C4AAB007EA5AC /* Debug */ = {
			isa = XCBuildConfiguration;
			buildSettings = {
				ALWAYS_EMBED_SWIFT_STANDARD_LIBRARIES = YES;
				BUNDLE_LOADER = "$(TEST_HOST)";
				CODE_SIGN_STYLE = Automatic;
				CURRENT_PROJECT_VERSION = 1;
				DEVELOPMENT_TEAM = RU33URRU8B;
				GENERATE_INFOPLIST_FILE = YES;
				IPHONEOS_DEPLOYMENT_TARGET = 14.0;
				LD_RUNPATH_SEARCH_PATHS = (
					"$(inherited)",
					"@executable_path/Frameworks",
					"@loader_path/Frameworks",
				);
				MARKETING_VERSION = 1.0;
				PRODUCT_BUNDLE_IDENTIFIER = "ch.fhnw.ip6.praxisruf.praxisruf-ios-mobile-clientTests";
				PRODUCT_NAME = "$(TARGET_NAME)";
				SWIFT_EMIT_LOC_STRINGS = NO;
				SWIFT_VERSION = 5.0;
				TARGETED_DEVICE_FAMILY = "1,2";
				TEST_HOST = "$(BUILT_PRODUCTS_DIR)/praxisruf-ios-mobile-client.app/praxisruf-ios-mobile-client";
			};
			name = Debug;
		};
		CE1D5CAD271C4AAB007EA5AC /* Release */ = {
			isa = XCBuildConfiguration;
			buildSettings = {
				ALWAYS_EMBED_SWIFT_STANDARD_LIBRARIES = YES;
				BUNDLE_LOADER = "$(TEST_HOST)";
				CODE_SIGN_STYLE = Automatic;
				CURRENT_PROJECT_VERSION = 1;
				DEVELOPMENT_TEAM = RU33URRU8B;
				GENERATE_INFOPLIST_FILE = YES;
				IPHONEOS_DEPLOYMENT_TARGET = 14.0;
				LD_RUNPATH_SEARCH_PATHS = (
					"$(inherited)",
					"@executable_path/Frameworks",
					"@loader_path/Frameworks",
				);
				MARKETING_VERSION = 1.0;
				PRODUCT_BUNDLE_IDENTIFIER = "ch.fhnw.ip6.praxisruf.praxisruf-ios-mobile-clientTests";
				PRODUCT_NAME = "$(TARGET_NAME)";
				SWIFT_EMIT_LOC_STRINGS = NO;
				SWIFT_VERSION = 5.0;
				TARGETED_DEVICE_FAMILY = "1,2";
				TEST_HOST = "$(BUILT_PRODUCTS_DIR)/praxisruf-ios-mobile-client.app/praxisruf-ios-mobile-client";
			};
			name = Release;
		};
		CE1D5CAF271C4AAB007EA5AC /* Debug */ = {
			isa = XCBuildConfiguration;
			buildSettings = {
				ALWAYS_EMBED_SWIFT_STANDARD_LIBRARIES = YES;
				CODE_SIGN_STYLE = Automatic;
				CURRENT_PROJECT_VERSION = 1;
				DEVELOPMENT_TEAM = RU33URRU8B;
				GENERATE_INFOPLIST_FILE = YES;
				LD_RUNPATH_SEARCH_PATHS = (
					"$(inherited)",
					"@executable_path/Frameworks",
					"@loader_path/Frameworks",
				);
				MARKETING_VERSION = 1.0;
				PRODUCT_BUNDLE_IDENTIFIER = "ch.fhnw.ip6.praxisruf.praxisruf-ios-mobile-clientUITests";
				PRODUCT_NAME = "$(TARGET_NAME)";
				SWIFT_EMIT_LOC_STRINGS = NO;
				SWIFT_VERSION = 5.0;
				TARGETED_DEVICE_FAMILY = "1,2";
				TEST_TARGET_NAME = "praxisruf-ios-mobile-client";
			};
			name = Debug;
		};
		CE1D5CB0271C4AAB007EA5AC /* Release */ = {
			isa = XCBuildConfiguration;
			buildSettings = {
				ALWAYS_EMBED_SWIFT_STANDARD_LIBRARIES = YES;
				CODE_SIGN_STYLE = Automatic;
				CURRENT_PROJECT_VERSION = 1;
				DEVELOPMENT_TEAM = RU33URRU8B;
				GENERATE_INFOPLIST_FILE = YES;
				LD_RUNPATH_SEARCH_PATHS = (
					"$(inherited)",
					"@executable_path/Frameworks",
					"@loader_path/Frameworks",
				);
				MARKETING_VERSION = 1.0;
				PRODUCT_BUNDLE_IDENTIFIER = "ch.fhnw.ip6.praxisruf.praxisruf-ios-mobile-clientUITests";
				PRODUCT_NAME = "$(TARGET_NAME)";
				SWIFT_EMIT_LOC_STRINGS = NO;
				SWIFT_VERSION = 5.0;
				TARGETED_DEVICE_FAMILY = "1,2";
				TEST_TARGET_NAME = "praxisruf-ios-mobile-client";
			};
			name = Release;
		};
/* End XCBuildConfiguration section */

/* Begin XCConfigurationList section */
		CE1D5C7F271C4AAA007EA5AC /* Build configuration list for PBXProject "praxisruf-ios-mobile-client" */ = {
			isa = XCConfigurationList;
			buildConfigurations = (
				CE1D5CA6271C4AAB007EA5AC /* Debug */,
				CE1D5CA7271C4AAB007EA5AC /* Release */,
			);
			defaultConfigurationIsVisible = 0;
			defaultConfigurationName = Release;
		};
		CE1D5CA8271C4AAB007EA5AC /* Build configuration list for PBXNativeTarget "praxisruf-ios-mobile-client" */ = {
			isa = XCConfigurationList;
			buildConfigurations = (
				CE1D5CA9271C4AAB007EA5AC /* Debug */,
				CE1D5CAA271C4AAB007EA5AC /* Release */,
			);
			defaultConfigurationIsVisible = 0;
			defaultConfigurationName = Release;
		};
		CE1D5CAB271C4AAB007EA5AC /* Build configuration list for PBXNativeTarget "praxisruf-ios-mobile-clientTests" */ = {
			isa = XCConfigurationList;
			buildConfigurations = (
				CE1D5CAC271C4AAB007EA5AC /* Debug */,
				CE1D5CAD271C4AAB007EA5AC /* Release */,
			);
			defaultConfigurationIsVisible = 0;
			defaultConfigurationName = Release;
		};
		CE1D5CAE271C4AAB007EA5AC /* Build configuration list for PBXNativeTarget "praxisruf-ios-mobile-clientUITests" */ = {
			isa = XCConfigurationList;
			buildConfigurations = (
				CE1D5CAF271C4AAB007EA5AC /* Debug */,
				CE1D5CB0271C4AAB007EA5AC /* Release */,
			);
			defaultConfigurationIsVisible = 0;
			defaultConfigurationName = Release;
		};
/* End XCConfigurationList section */

/* Begin XCRemoteSwiftPackageReference section */
		CE01405A272EA4F100B71AB7 /* XCRemoteSwiftPackageReference "WebRTC" */ = {
			isa = XCRemoteSwiftPackageReference;
			repositoryURL = "https://github.com/stasel/WebRTC";
			requirement = {
				kind = upToNextMajorVersion;
				minimumVersion = 95.0.0;
			};
		};
		CE53AC10271F124300BAD1F1 /* XCRemoteSwiftPackageReference "firebase-ios-sdk" */ = {
			isa = XCRemoteSwiftPackageReference;
			repositoryURL = "https://github.com/firebase/firebase-ios-sdk";
			requirement = {
				branch = master;
				kind = branch;
			};
		};
		CE94AC5A27567BDB00C93410 /* XCRemoteSwiftPackageReference "SwiftKeychainWrapper" */ = {
			isa = XCRemoteSwiftPackageReference;
			repositoryURL = "https://github.com/jrendel/SwiftKeychainWrapper";
			requirement = {
				kind = upToNextMajorVersion;
				minimumVersion = 4.0.0;
			};
		};
/* End XCRemoteSwiftPackageReference section */

/* Begin XCSwiftPackageProductDependency section */
		CE01405B272EA4F100B71AB7 /* WebRTC */ = {
			isa = XCSwiftPackageProductDependency;
			package = CE01405A272EA4F100B71AB7 /* XCRemoteSwiftPackageReference "WebRTC" */;
			productName = WebRTC;
		};
		CE53AC11271F124300BAD1F1 /* FirebaseMessaging */ = {
			isa = XCSwiftPackageProductDependency;
			package = CE53AC10271F124300BAD1F1 /* XCRemoteSwiftPackageReference "firebase-ios-sdk" */;
			productName = FirebaseMessaging;
		};
		CE94AC5B27567BDB00C93410 /* SwiftKeychainWrapper */ = {
			isa = XCSwiftPackageProductDependency;
			package = CE94AC5A27567BDB00C93410 /* XCRemoteSwiftPackageReference "SwiftKeychainWrapper" */;
			productName = SwiftKeychainWrapper;
		};
/* End XCSwiftPackageProductDependency section */
	};
	rootObject = CE1D5C7C271C4AAA007EA5AC /* Project object */;
}
